
Microsoft Visual Studio Solution File, Format Version 12.00
# Visual Studio Version 17
VisualStudioVersion = 17.0.31919.166
MinimumVisualStudioVersion = 10.0.40219.1
Project("{FAE04EC0-301F-11D3-BF4B-00C04F79EFBC}") = "HaloStats", "HaloStats\HaloStats.csproj", "{9EBA5730-8CDD-434A-9BFF-F2877DF5C64E}"
EndProject
Global
	GlobalSection(SolutionConfigurationPlatforms) = preSolution
		Debug|Any CPU = Debug|Any CPU
		Release|Any CPU = Release|Any CPU
	EndGlobalSection
	GlobalSection(ProjectConfigurationPlatforms) = postSolution
		{9EBA5730-8CDD-434A-9BFF-F2877DF5C64E}.Debug|Any CPU.ActiveCfg = Debug|Any CPU
		{9EBA5730-8CDD-434A-9BFF-F2877DF5C64E}.Debug|Any CPU.Build.0 = Debug|Any CPU
		{9EBA5730-8CDD-434A-9BFF-F2877DF5C64E}.Release|Any CPU.ActiveCfg = Release|Any CPU
		{9EBA5730-8CDD-434A-9BFF-F2877DF5C64E}.Release|Any CPU.Build.0 = Release|Any CPU
	EndGlobalSection
	GlobalSection(SolutionProperties) = preSolution
		HideSolutionNode = FALSE
	EndGlobalSection
	GlobalSection(ExtensibilityGlobals) = postSolution
		SolutionGuid = {6ACEB318-B3E4-42DA-B6B7-9BB03CE649D9}
	EndGlobalSection
EndGlobal
